
Microsoft Visual Studio Solution File, Format Version 12.00
# Visual Studio Version 17
VisualStudioVersion = 17.9.34622.214
MinimumVisualStudioVersion = 10.0.40219.1
Project("{FAE04EC0-301F-11D3-BF4B-00C04F79EFBC}") = "WeBuyAPI", "WeBuyAPI\WeBuyAPI.csproj", "{61DF7B5A-5E07-4FEB-B7D5-CA0C7A32CB73}"
EndProject
Project("{FAE04EC0-301F-11D3-BF4B-00C04F79EFBC}") = "WeBuyAPIWeb", "WeBuyAPIWeb\WeBuyAPIWeb.csproj", "{EB9B957D-2B7A-4463-9F9B-DEDE9CAD5386}"
EndProject
Global
	GlobalSection(SolutionConfigurationPlatforms) = preSolution
		Debug|Any CPU = Debug|Any CPU
		Release|Any CPU = Release|Any CPU
	EndGlobalSection
	GlobalSection(ProjectConfigurationPlatforms) = postSolution
		{61DF7B5A-5E07-4FEB-B7D5-CA0C7A32CB73}.Debug|Any CPU.ActiveCfg = Debug|Any CPU
		{61DF7B5A-5E07-4FEB-B7D5-CA0C7A32CB73}.Debug|Any CPU.Build.0 = Debug|Any CPU
		{61DF7B5A-5E07-4FEB-B7D5-CA0C7A32CB73}.Debug|Any CPU.Deploy.0 = Debug|Any CPU
		{61DF7B5A-5E07-4FEB-B7D5-CA0C7A32CB73}.Release|Any CPU.ActiveCfg = Release|Any CPU
		{61DF7B5A-5E07-4FEB-B7D5-CA0C7A32CB73}.Release|Any CPU.Build.0 = Release|Any CPU
		{61DF7B5A-5E07-4FEB-B7D5-CA0C7A32CB73}.Release|Any CPU.Deploy.0 = Release|Any CPU
		{EB9B957D-2B7A-4463-9F9B-DEDE9CAD5386}.Debug|Any CPU.ActiveCfg = Debug|Any CPU
		{EB9B957D-2B7A-4463-9F9B-DEDE9CAD5386}.Debug|Any CPU.Build.0 = Debug|Any CPU
		{EB9B957D-2B7A-4463-9F9B-DEDE9CAD5386}.Release|Any CPU.ActiveCfg = Release|Any CPU
		{EB9B957D-2B7A-4463-9F9B-DEDE9CAD5386}.Release|Any CPU.Build.0 = Release|Any CPU
	EndGlobalSection
	GlobalSection(SolutionProperties) = preSolution
		HideSolutionNode = FALSE
	EndGlobalSection
	GlobalSection(ExtensibilityGlobals) = postSolution
		SolutionGuid = {7129E513-0AD7-4D9D-81E4-27ABFF45E8F5}
	EndGlobalSection
EndGlobal
